{
	"name": "@lerna2/create",
	"version": "1.0.1",
	"lockfileVersion": 1,
	"requires": true,
	"dependencies": {
		"balanced-match": {
			"version": "1.0.2",
			"resolved": "https://registry.npmjs.org/balanced-match/-/balanced-match-1.0.2.tgz",
			"integrity": "sha512-3oSeUO0TMV67hN1AmbXsK4yaqU7tjiHlbxRDZOpH0KW9+CeX4bRAaX0Anxt0tx2MrpRpWwQaPwIlISEJhYU5Pw=="
		},
		"brace-expansion": {
			"version": "1.1.11",
			"resolved": "https://registry.npmjs.org/brace-expansion/-/brace-expansion-1.1.11.tgz",
			"integrity": "sha512-iCuPHDFgrHX7H2vEI/5xpz07zSHB00TpugqhmYtVmMO6518mCuRMoOYFldEBl0g187ufozdaHgWKcYFb61qGiA==",
			"requires": {
				"balanced-match": "^1.0.0",
				"concat-map": "0.0.1"
			}
		},
		"builtins": {
			"version": "1.0.3",
			"resolved": "https://registry.npmjs.org/builtins/-/builtins-1.0.3.tgz",
			"integrity": "sha1-y5T662HIaWRR2zZTThQi+U8K7og="
		},
		"concat-map": {
			"version": "0.0.1",
			"resolved": "https://registry.npmjs.org/concat-map/-/concat-map-0.0.1.tgz",
			"integrity": "sha1-2Klr13/Wjfd5OnMDajug1UBdR3s="
		},
		"fs-extra": {
			"version": "10.0.0",
			"resolved": "https://registry.npmjs.org/fs-extra/-/fs-extra-10.0.0.tgz",
			"integrity": "sha512-C5owb14u9eJwizKGdchcDUQeFtlSHHthBk8pbX9Vc1PFZrLombudjDnNns88aYslCyF6IY5SUw3Roz6xShcEIQ==",
			"requires": {
				"graceful-fs": "^4.2.0",
				"jsonfile": "^6.0.1",
				"universalify": "^2.0.0"
			}
		},
		"fs.realpath": {
			"version": "1.0.0",
			"resolved": "https://registry.npmjs.org/fs.realpath/-/fs.realpath-1.0.0.tgz",
			"integrity": "sha1-FQStJSMVjKpA20onh8sBQRmU6k8="
		},
		"function-bind": {
			"version": "1.1.1",
			"resolved": "https://registry.npmjs.org/function-bind/-/function-bind-1.1.1.tgz",
			"integrity": "sha512-yIovAzMX49sF8Yl58fSCWJ5svSLuaibPxXQJFLmBObTuCr0Mf1KiPopGM9NiFjiYBCbfaa2Fh6breQ6ANVTI0A=="
		},
		"glob": {
			"version": "7.2.0",
			"resolved": "https://registry.npmjs.org/glob/-/glob-7.2.0.tgz",
			"integrity": "sha512-lmLf6gtyrPq8tTjSmrO94wBeQbFR3HbLHbuyD69wuyQkImp2hWqMGB47OX65FBkPffO641IP9jWa1z4ivqG26Q==",
			"requires": {
				"fs.realpath": "^1.0.0",
				"inflight": "^1.0.4",
				"inherits": "2",
				"minimatch": "^3.0.4",
				"once": "^1.3.0",
				"path-is-absolute": "^1.0.0"
			}
		},
		"graceful-fs": {
			"version": "4.2.8",
			"resolved": "https://registry.npmjs.org/graceful-fs/-/graceful-fs-4.2.8.tgz",
			"integrity": "sha512-qkIilPUYcNhJpd33n0GBXTB1MMPp14TxEsEs0pTrsSVucApsYzW5V+Q8Qxhik6KU3evy+qkAAowTByymK0avdg=="
		},
		"has": {
			"version": "1.0.3",
			"resolved": "https://registry.npmjs.org/has/-/has-1.0.3.tgz",
			"integrity": "sha512-f2dvO0VU6Oej7RkWJGrehjbzMAjFp5/VKPp5tTpWIV4JHHZK1/BxbFRtf/siA2SWTe09caDmVtYYzWEIbBS4zw==",
			"requires": {
				"function-bind": "^1.1.1"
			}
		},
		"hosted-git-info": {
			"version": "4.0.2",
			"resolved": "https://registry.npmjs.org/hosted-git-info/-/hosted-git-info-4.0.2.tgz",
			"integrity": "sha512-c9OGXbZ3guC/xOlCg1Ci/VgWlwsqDv1yMQL1CWqXDL0hDjXuNcq0zuR4xqPSuasI3kqFDhqSyTjREz5gzq0fXg==",
			"requires": {
				"lru-cache": "^6.0.0"
			}
		},
		"inflight": {
			"version": "1.0.6",
			"resolved": "https://registry.npmjs.org/inflight/-/inflight-1.0.6.tgz",
			"integrity": "sha1-Sb1jMdfQLQwJvJEKEHW6gWW1bfk=",
			"requires": {
				"once": "^1.3.0",
				"wrappy": "1"
			}
		},
		"inherits": {
			"version": "2.0.4",
			"resolved": "https://registry.npmjs.org/inherits/-/inherits-2.0.4.tgz",
			"integrity": "sha512-k/vGaX4/Yla3WzyMCvTQOXYeIHvqOKtnqBduzTHpzpQZzAskKMhZ2K+EnBiSM9zGSoIFeMpXKxa4dYeZIQqewQ=="
		},
		"init-package-json": {
			"version": "2.0.5",
			"resolved": "https://registry.npmjs.org/init-package-json/-/init-package-json-2.0.5.tgz",
			"integrity": "sha512-u1uGAtEFu3VA6HNl/yUWw57jmKEMx8SKOxHhxjGnOFUiIlFnohKDFg4ZrPpv9wWqk44nDxGJAtqjdQFm+9XXQA==",
			"requires": {
				"npm-package-arg": "^8.1.5",
				"promzard": "^0.3.0",
				"read": "~1.0.1",
				"read-package-json": "^4.1.1",
				"semver": "^7.3.5",
				"validate-npm-package-license": "^3.0.4",
				"validate-npm-package-name": "^3.0.0"
			}
		},
		"is-core-module": {
			"version": "2.8.0",
			"resolved": "https://registry.npmjs.org/is-core-module/-/is-core-module-2.8.0.tgz",
			"integrity": "sha512-vd15qHsaqrRL7dtH6QNuy0ndJmRDrS9HAM1CAiSifNUFv4x1a0CCVsj18hJ1mShxIG6T2i1sO78MkP56r0nYRw==",
			"requires": {
				"has": "^1.0.3"
			}
		},
		"json-parse-even-better-errors": {
			"version": "2.3.1",
			"resolved": "https://registry.npmjs.org/json-parse-even-better-errors/-/json-parse-even-better-errors-2.3.1.tgz",
			"integrity": "sha512-xyFwyhro/JEof6Ghe2iz2NcXoj2sloNsWr/XsERDK/oiPCfaNhl5ONfp+jQdAZRQQ0IJWNzH9zIZF7li91kh2w=="
		},
		"jsonfile": {
			"version": "6.1.0",
			"resolved": "https://registry.npmjs.org/jsonfile/-/jsonfile-6.1.0.tgz",
			"integrity": "sha512-5dgndWOriYSm5cnYaJNhalLNDKOqFwyDB/rr1E9ZsGciGvKPs8R2xYGCacuf3z6K1YKDz182fd+fY3cn3pMqXQ==",
			"requires": {
				"graceful-fs": "^4.1.6",
				"universalify": "^2.0.0"
			}
		},
		"lru-cache": {
			"version": "6.0.0",
			"resolved": "https://registry.npmjs.org/lru-cache/-/lru-cache-6.0.0.tgz",
			"integrity": "sha512-Jo6dJ04CmSjuznwJSS3pUeWmd/H0ffTlkXXgwZi+eq1UCmqQwCh+eLsYOYCwY991i2Fah4h1BEMCx4qThGbsiA==",
			"requires": {
				"yallist": "^4.0.0"
			}
		},
		"minimatch": {
			"version": "3.0.4",
			"resolved": "https://registry.npmjs.org/minimatch/-/minimatch-3.0.4.tgz",
			"integrity": "sha512-yJHVQEhyqPLUTgt9B83PXu6W3rx4MvvHvSUvToogpwoGDOUQ+yDrR0HRot+yOCdCO7u4hX3pWft6kWBBcqh0UA==",
			"requires": {
				"brace-expansion": "^1.1.7"
			}
		},
		"mute-stream": {
			"version": "0.0.8",
			"resolved": "https://registry.npmjs.org/mute-stream/-/mute-stream-0.0.8.tgz",
			"integrity": "sha512-nnbWWOkoWyUsTjKrhgD0dcz22mdkSnpYqbEjIm2nhwhuxlSkpywJmBo8h0ZqJdkp73mb90SssHkN4rsRaBAfAA=="
		},
		"normalize-package-data": {
			"version": "3.0.3",
			"resolved": "https://registry.npmjs.org/normalize-package-data/-/normalize-package-data-3.0.3.tgz",
			"integrity": "sha512-p2W1sgqij3zMMyRC067Dg16bfzVH+w7hyegmpIvZ4JNjqtGOVAIvLmjBx3yP7YTe9vKJgkoNOPjwQGogDoMXFA==",
			"requires": {
				"hosted-git-info": "^4.0.1",
				"is-core-module": "^2.5.0",
				"semver": "^7.3.4",
				"validate-npm-package-license": "^3.0.1"
			}
		},
		"npm-normalize-package-bin": {
			"version": "1.0.1",
			"resolved": "https://registry.npmjs.org/npm-normalize-package-bin/-/npm-normalize-package-bin-1.0.1.tgz",
			"integrity": "sha512-EPfafl6JL5/rU+ot6P3gRSCpPDW5VmIzX959Ob1+ySFUuuYHWHekXpwdUZcKP5C+DS4GEtdJluwBjnsNDl+fSA=="
		},
		"npm-package-arg": {
			"version": "8.1.5",
			"resolved": "https://registry.npmjs.org/npm-package-arg/-/npm-package-arg-8.1.5.tgz",
			"integrity": "sha512-LhgZrg0n0VgvzVdSm1oiZworPbTxYHUJCgtsJW8mGvlDpxTM1vSJc3m5QZeUkhAHIzbz3VCHd/R4osi1L1Tg/Q==",
			"requires": {
				"hosted-git-info": "^4.0.1",
				"semver": "^7.3.4",
				"validate-npm-package-name": "^3.0.0"
			}
		},
		"once": {
			"version": "1.4.0",
			"resolved": "https://registry.npmjs.org/once/-/once-1.4.0.tgz",
			"integrity": "sha1-WDsap3WWHUsROsF9nFC6753Xa9E=",
			"requires": {
				"wrappy": "1"
			}
		},
		"path-is-absolute": {
			"version": "1.0.1",
			"resolved": "https://registry.npmjs.org/path-is-absolute/-/path-is-absolute-1.0.1.tgz",
			"integrity": "sha1-F0uSaHNVNP+8es5r9TpanhtcX18="
		},
		"pify": {
			"version": "5.0.0",
			"resolved": "https://registry.npmjs.org/pify/-/pify-5.0.0.tgz",
			"integrity": "sha512-eW/gHNMlxdSP6dmG6uJip6FXN0EQBwm2clYYd8Wul42Cwu/DK8HEftzsapcNdYe2MfLiIwZqsDk2RDEsTE79hA=="
		},
		"promzard": {
			"version": "0.3.0",
			"resolved": "https://registry.npmjs.org/promzard/-/promzard-0.3.0.tgz",
			"integrity": "sha1-JqXW7ox97kyxIggwWs+5O6OCqe4=",
			"requires": {
				"read": "1"
			}
		},
		"read": {
			"version": "1.0.7",
			"resolved": "https://registry.npmjs.org/read/-/read-1.0.7.tgz",
			"integrity": "sha1-s9oZvQUkMal2cdRKQmNK33ELQMQ=",
			"requires": {
				"mute-stream": "~0.0.4"
			}
		},
		"read-package-json": {
			"version": "4.1.1",
			"resolved": "https://registry.npmjs.org/read-package-json/-/read-package-json-4.1.1.tgz",
			"integrity": "sha512-P82sbZJ3ldDrWCOSKxJT0r/CXMWR0OR3KRh55SgKo3p91GSIEEC32v3lSHAvO/UcH3/IoL7uqhOFBduAnwdldw==",
			"requires": {
				"glob": "^7.1.1",
				"json-parse-even-better-errors": "^2.3.0",
				"normalize-package-data": "^3.0.0",
				"npm-normalize-package-bin": "^1.0.0"
			}
		},
		"semver": {
			"version": "7.3.5",
			"resolved": "https://registry.npmjs.org/semver/-/semver-7.3.5.tgz",
			"integrity": "sha512-PoeGJYh8HK4BTO/a9Tf6ZG3veo/A7ZVsYrSA6J8ny9nb3B1VrpkuN+z9OE5wfE5p6H4LchYZsegiQgbJD94ZFQ==",
			"requires": {
				"lru-cache": "^6.0.0"
			}
		},
		"spdx-correct": {
			"version": "3.1.1",
			"resolved": "https://registry.npmjs.org/spdx-correct/-/spdx-correct-3.1.1.tgz",
			"integrity": "sha512-cOYcUWwhCuHCXi49RhFRCyJEK3iPj1Ziz9DpViV3tbZOwXD49QzIN3MpOLJNxh2qwq2lJJZaKMVw9qNi4jTC0w==",
			"requires": {
				"spdx-expression-parse": "^3.0.0",
				"spdx-license-ids": "^3.0.0"
			}
		},
		"spdx-exceptions": {
			"version": "2.3.0",
			"resolved": "https://registry.npmjs.org/spdx-exceptions/-/spdx-exceptions-2.3.0.tgz",
			"integrity": "sha512-/tTrYOC7PPI1nUAgx34hUpqXuyJG+DTHJTnIULG4rDygi4xu/tfgmq1e1cIRwRzwZgo4NLySi+ricLkZkw4i5A=="
		},
		"spdx-expression-parse": {
			"version": "3.0.1",
			"resolved": "https://registry.npmjs.org/spdx-expression-parse/-/spdx-expression-parse-3.0.1.tgz",
			"integrity": "sha512-cbqHunsQWnJNE6KhVSMsMeH5H/L9EpymbzqTQ3uLwNCLZ1Q481oWaofqH7nO6V07xlXwY6PhQdQ2IedWx/ZK4Q==",
			"requires": {
				"spdx-exceptions": "^2.1.0",
				"spdx-license-ids": "^3.0.0"
			}
		},
		"spdx-license-ids": {
			"version": "3.0.10",
			"resolved": "https://registry.npmjs.org/spdx-license-ids/-/spdx-license-ids-3.0.10.tgz",
			"integrity": "sha512-oie3/+gKf7QtpitB0LYLETe+k8SifzsX4KixvpOsbI6S0kRiRQ5MKOio8eMSAKQ17N06+wdEOXRiId+zOxo0hA=="
		},
		"universalify": {
			"version": "2.0.0",
			"resolved": "https://registry.npmjs.org/universalify/-/universalify-2.0.0.tgz",
			"integrity": "sha512-hAZsKq7Yy11Zu1DE0OzWjw7nnLZmJZYTDZZyEFHZdUhV8FkH5MCfoU1XMaxXovpyW5nq5scPqq0ZDP9Zyl04oQ=="
		},
		"validate-npm-package-license": {
			"version": "3.0.4",
			"resolved": "https://registry.npmjs.org/validate-npm-package-license/-/validate-npm-package-license-3.0.4.tgz",
			"integrity": "sha512-DpKm2Ui/xN7/HQKCtpZxoRWBhZ9Z0kqtygG8XCgNQ8ZlDnxuQmWhj566j8fN4Cu3/JmbhsDo7fcAJq4s9h27Ew==",
			"requires": {
				"spdx-correct": "^3.0.0",
				"spdx-expression-parse": "^3.0.0"
			}
		},
		"validate-npm-package-name": {
			"version": "3.0.0",
			"resolved": "https://registry.npmjs.org/validate-npm-package-name/-/validate-npm-package-name-3.0.0.tgz",
			"integrity": "sha1-X6kS2B630MdK/BQN5zF/DKffQ34=",
			"requires": {
				"builtins": "^1.0.3"
			}
		},
		"wrappy": {
			"version": "1.0.2",
			"resolved": "https://registry.npmjs.org/wrappy/-/wrappy-1.0.2.tgz",
			"integrity": "sha1-tSQ9jz7BqjXxNkYFvA0QNuMKtp8="
		},
		"yallist": {
			"version": "4.0.0",
			"resolved": "https://registry.npmjs.org/yallist/-/yallist-4.0.0.tgz",
			"integrity": "sha512-3wdGidZyq5PB084XLES5TpOSRA3wjXAlIWMhum2kRcv/41Sn2emQ0dycQW4uZXLejwKvg6EsvbdlVL+FYEct7A=="
		}
	}
}
