{
	"name": "lkx-a",
	"version": "1.0.17",
	"lockfileVersion": 1,
	"requires": true,
	"dependencies": {
		"husky": {
			"version": "7.0.2",
			"resolved": "https://registry.npmjs.org/husky/-/husky-7.0.2.tgz",
			"integrity": "sha512-8yKEWNX4z2YsofXAMT7KvA1g8p+GxtB1ffV8XtpAEGuXNAbCV5wdNKH+qTpw8SM9fh4aMPDR+yQuKfgnreyZlg=="
		},
		"jquery": {
			"version": "3.6.0",
			"resolved": "https://registry.npmjs.org/jquery/-/jquery-3.6.0.tgz",
			"integrity": "sha512-JVzAR/AjBvVt2BmYhxRCSYysDsPcssdmTFnzyLEts9qNwmjmu4JTAMYubEfwVOSwpQ1I1sKKFcxhZCI2buerfw=="
		},
		"lkx-b": {
			"version": "1.0.5",
			"resolved": "https://registry.npmjs.org/lkx-b/-/lkx-b-1.0.5.tgz",
			"integrity": "sha512-qcJSDM1Q8L1UR4W5joZKvL9kNBOo4YqVfD9MM1vStG3A7PKwvhnN+MCOpmwTzncecXX6t/rPmDd8gCSWXKL56g==",
			"requires": {
				"lodash": "^4.17.21",
				"zepto": "^1.2.0"
			}
		},
		"lodash": {
			"version": "4.17.21",
			"resolved": "https://registry.npmjs.org/lodash/-/lodash-4.17.21.tgz",
			"integrity": "sha512-v2kDEe57lecTulaDIuNTPy3Ry4gLGJ6Z1O3vE1krgXZNrsQ+LFTGHVxVjcXPs17LhbZVGedAJv8XZ1tvj5FvSg=="
		},
		"zepto": {
			"version": "1.2.0",
			"resolved": "https://registry.npmjs.org/zepto/-/zepto-1.2.0.tgz",
			"integrity": "sha1-4Se9nmb9hGvl6rSME5SIL3wOT5g="
		}
	}
}
